
Microsoft Visual Studio Solution File, Format Version 12.00
# Visual Studio 2013
VisualStudioVersion = 12.0.21005.1
MinimumVisualStudioVersion = 10.0.40219.1
Project("{FAE04EC0-301F-11D3-BF4B-00C04F79EFBC}") = "Iaebms", "Iaebms\Iaebms.csproj", "{77E63771-BD8F-4FFD-BAC6-5680255ACA0B}"
EndProject
Project("{FAE04EC0-301F-11D3-BF4B-00C04F79EFBC}") = "Iaebms.Tool", "iaebms.tool\Iaebms.Tool.csproj", "{0971E676-E35B-48B3-81B8-36A3CD8438AA}"
EndProject
Global
	GlobalSection(SolutionConfigurationPlatforms) = preSolution
		Debug|Any CPU = Debug|Any CPU
		Release|Any CPU = Release|Any CPU
	EndGlobalSection
	GlobalSection(ProjectConfigurationPlatforms) = postSolution
		{77E63771-BD8F-4FFD-BAC6-5680255ACA0B}.Debug|Any CPU.ActiveCfg = Debug|Any CPU
		{77E63771-BD8F-4FFD-BAC6-5680255ACA0B}.Debug|Any CPU.Build.0 = Debug|Any CPU
		{77E63771-BD8F-4FFD-BAC6-5680255ACA0B}.Release|Any CPU.ActiveCfg = Release|Any CPU
		{77E63771-BD8F-4FFD-BAC6-5680255ACA0B}.Release|Any CPU.Build.0 = Release|Any CPU
		{0971E676-E35B-48B3-81B8-36A3CD8438AA}.Debug|Any CPU.ActiveCfg = Debug|Any CPU
		{0971E676-E35B-48B3-81B8-36A3CD8438AA}.Debug|Any CPU.Build.0 = Debug|Any CPU
		{0971E676-E35B-48B3-81B8-36A3CD8438AA}.Release|Any CPU.ActiveCfg = Release|Any CPU
		{0971E676-E35B-48B3-81B8-36A3CD8438AA}.Release|Any CPU.Build.0 = Release|Any CPU
	EndGlobalSection
	GlobalSection(SolutionProperties) = preSolution
		HideSolutionNode = FALSE
	EndGlobalSection
EndGlobal
